
Microsoft Visual Studio Solution File, Format Version 12.00
# Visual Studio Version 17
VisualStudioVersion = 17.1.32421.90
MinimumVisualStudioVersion = 10.0.40219.1
Project("{9A19103F-16F7-4668-BE54-9A1E7A4F7556}") = "Variables", "Variables\Variables.csproj", "{7838DD77-FF2D-4128-9FFB-52DD1F7DD5ED}"
EndProject
Project("{9A19103F-16F7-4668-BE54-9A1E7A4F7556}") = "TipoDeDatos", "TipoDeDatos\TipoDeDatos.csproj", "{F56C2A72-85C5-4CEE-A9DE-C4B7448B7748}"
EndProject
Project("{9A19103F-16F7-4668-BE54-9A1E7A4F7556}") = "Funciones", "Funciones\Funciones.csproj", "{A158CB94-7705-4A79-AD15-72BCFDED7894}"
EndProject
Project("{9A19103F-16F7-4668-BE54-9A1E7A4F7556}") = "Condicionales", "Condicionales\Condicionales.csproj", "{2DFC9340-0A53-44C7-A38F-ECB8EA0F71F8}"
EndProject
Project("{9A19103F-16F7-4668-BE54-9A1E7A4F7556}") = "SwitchCase", "SwitchCase\SwitchCase.csproj", "{D1FC7E44-BA7E-4F4C-B664-8A0121E09534}"
EndProject
Project("{9A19103F-16F7-4668-BE54-9A1E7A4F7556}") = "Arreglos", "Arreglos\Arreglos.csproj", "{F2C968C4-20F4-4A9D-96F0-43022DE4907D}"
EndProject
Project("{9A19103F-16F7-4668-BE54-9A1E7A4F7556}") = "While", "While\While.csproj", "{4C3CDFED-8B11-4817-BC82-1AD5FE5D2FB6}"
EndProject
Project("{9A19103F-16F7-4668-BE54-9A1E7A4F7556}") = "For", "For\For.csproj", "{70752CFD-A9D0-4AA3-AADD-9B31BAAA9E8F}"
EndProject
Project("{9A19103F-16F7-4668-BE54-9A1E7A4F7556}") = "ClasesYObjetos", "ClasesYObjetos\ClasesYObjetos.csproj", "{BEFE21E6-1B54-468D-9572-26D95BC4D4CC}"
EndProject
Project("{9A19103F-16F7-4668-BE54-9A1E7A4F7556}") = "Propiedades", "Propiedades\Propiedades.csproj", "{7F88E1F7-38C5-4B22-B138-333012597D7E}"
EndProject
Project("{9A19103F-16F7-4668-BE54-9A1E7A4F7556}") = "Herencia", "Herencia\Herencia.csproj", "{C92EB9E6-C364-40B0-B68A-77B3E31364E7}"
EndProject
Project("{9A19103F-16F7-4668-BE54-9A1E7A4F7556}") = "Sobrecarga", "Sobrecarga\Sobrecarga.csproj", "{D65454B6-76C4-422A-88B6-89BC225187F6}"
EndProject
Project("{9A19103F-16F7-4668-BE54-9A1E7A4F7556}") = "Sobreescritura", "Sobreescritura\Sobreescritura.csproj", "{12321E51-DF57-4D1C-B024-8502AE8EFE2A}"
EndProject
Project("{9A19103F-16F7-4668-BE54-9A1E7A4F7556}") = "Static", "Static\Static.csproj", "{A45C7DD2-5084-4AF3-A430-DF71B3A55F6E}"
EndProject
Project("{9A19103F-16F7-4668-BE54-9A1E7A4F7556}") = "Interfaces", "Interfaces\Interfaces.csproj", "{98735C99-1BEA-43CC-8715-767AD040C919}"
EndProject
Project("{9A19103F-16F7-4668-BE54-9A1E7A4F7556}") = "Generics", "Generics\Generics.csproj", "{78CAC4D8-A983-4752-8911-1839E4D68C1D}"
EndProject
Project("{9A19103F-16F7-4668-BE54-9A1E7A4F7556}") = "JSON", "JSON\JSON.csproj", "{A4CA52B2-064D-4164-B8F9-2F1ECCE4CD0B}"
EndProject
Project("{9A19103F-16F7-4668-BE54-9A1E7A4F7556}") = "Lists", "Lists\Lists.csproj", "{4C90A3B9-4B34-4031-A479-3545EA8996DD}"
EndProject
Project("{9A19103F-16F7-4668-BE54-9A1E7A4F7556}") = "ForEach", "ForEach\ForEach.csproj", "{E39DEC13-3FE9-4790-9BA9-760DF600CC4C}"
EndProject
Project("{9A19103F-16F7-4668-BE54-9A1E7A4F7556}") = "MetodosListas", "MetodosListas\MetodosListas.csproj", "{CB2ADB6E-2066-4433-B715-40E0990CBACD}"
EndProject
Project("{9A19103F-16F7-4668-BE54-9A1E7A4F7556}") = "TiposAnonimos", "TiposAnonimos\TiposAnonimos.csproj", "{0F68CC70-8EA4-4170-98FA-12802DF762FE}"
EndProject
Project("{9A19103F-16F7-4668-BE54-9A1E7A4F7556}") = "Tuplas", "Tuplas\Tuplas.csproj", "{D88C26AC-2128-40E7-95F8-BD9CC764915D}"
EndProject
Project("{9A19103F-16F7-4668-BE54-9A1E7A4F7556}") = "Excepciones", "Excepciones\Excepciones.csproj", "{62D65738-F610-417A-8FC1-1B3A11B3F387}"
EndProject
Project("{9A19103F-16F7-4668-BE54-9A1E7A4F7556}") = "ExcepcionPersonalizada", "ExcepcionPersonalizada\ExcepcionPersonalizada.csproj", "{D767E43A-E837-49EE-8B8F-99C16DFF33DD}"
EndProject
Project("{9A19103F-16F7-4668-BE54-9A1E7A4F7556}") = "LINQ", "LINQ\LINQ.csproj", "{72496F60-763A-4D19-9840-C0927117ADCB}"
EndProject
Project("{9A19103F-16F7-4668-BE54-9A1E7A4F7556}") = "LINQ - Join", "LINQ - Join\LINQ - Join.csproj", "{03080B97-654B-4AFA-AA7E-84363E506079}"
EndProject
Project("{9A19103F-16F7-4668-BE54-9A1E7A4F7556}") = "BaseDeDatos", "BaseDeDatos\BaseDeDatos.csproj", "{9005A29F-AED1-45C3-83A5-B67690CB9D67}"
EndProject
<<<<<<< HEAD
Project("{FAE04EC0-301F-11D3-BF4B-00C04F79EFBC}") = "FuncionalProgramming", "FuncionalProgramming\FuncionalProgramming.csproj", "{110ABBFE-8C64-4D66-970C-51ACF4ADF97D}"
=======
Project("{FAE04EC0-301F-11D3-BF4B-00C04F79EFBC}") = "BD", "..\BD\BD.csproj", "{E33996FA-6C7D-4254-9BBE-2D4A39969743}"
EndProject
Project("{FAE04EC0-301F-11D3-BF4B-00C04F79EFBC}") = "EntityFrameworkSystem", "EntityFrameworkSystem\EntityFrameworkSystem.csproj", "{56BFF495-DD9F-46B5-B947-DC4D65A2310D}"
>>>>>>> 3aeb3ea... Entity Framework added
EndProject
Global
	GlobalSection(SolutionConfigurationPlatforms) = preSolution
		Debug|Any CPU = Debug|Any CPU
		Release|Any CPU = Release|Any CPU
	EndGlobalSection
	GlobalSection(ProjectConfigurationPlatforms) = postSolution
		{7838DD77-FF2D-4128-9FFB-52DD1F7DD5ED}.Debug|Any CPU.ActiveCfg = Debug|Any CPU
		{7838DD77-FF2D-4128-9FFB-52DD1F7DD5ED}.Debug|Any CPU.Build.0 = Debug|Any CPU
		{7838DD77-FF2D-4128-9FFB-52DD1F7DD5ED}.Release|Any CPU.ActiveCfg = Release|Any CPU
		{7838DD77-FF2D-4128-9FFB-52DD1F7DD5ED}.Release|Any CPU.Build.0 = Release|Any CPU
		{F56C2A72-85C5-4CEE-A9DE-C4B7448B7748}.Debug|Any CPU.ActiveCfg = Debug|Any CPU
		{F56C2A72-85C5-4CEE-A9DE-C4B7448B7748}.Debug|Any CPU.Build.0 = Debug|Any CPU
		{F56C2A72-85C5-4CEE-A9DE-C4B7448B7748}.Release|Any CPU.ActiveCfg = Release|Any CPU
		{F56C2A72-85C5-4CEE-A9DE-C4B7448B7748}.Release|Any CPU.Build.0 = Release|Any CPU
		{A158CB94-7705-4A79-AD15-72BCFDED7894}.Debug|Any CPU.ActiveCfg = Debug|Any CPU
		{A158CB94-7705-4A79-AD15-72BCFDED7894}.Debug|Any CPU.Build.0 = Debug|Any CPU
		{A158CB94-7705-4A79-AD15-72BCFDED7894}.Release|Any CPU.ActiveCfg = Release|Any CPU
		{A158CB94-7705-4A79-AD15-72BCFDED7894}.Release|Any CPU.Build.0 = Release|Any CPU
		{2DFC9340-0A53-44C7-A38F-ECB8EA0F71F8}.Debug|Any CPU.ActiveCfg = Debug|Any CPU
		{2DFC9340-0A53-44C7-A38F-ECB8EA0F71F8}.Debug|Any CPU.Build.0 = Debug|Any CPU
		{2DFC9340-0A53-44C7-A38F-ECB8EA0F71F8}.Release|Any CPU.ActiveCfg = Release|Any CPU
		{2DFC9340-0A53-44C7-A38F-ECB8EA0F71F8}.Release|Any CPU.Build.0 = Release|Any CPU
		{D1FC7E44-BA7E-4F4C-B664-8A0121E09534}.Debug|Any CPU.ActiveCfg = Debug|Any CPU
		{D1FC7E44-BA7E-4F4C-B664-8A0121E09534}.Debug|Any CPU.Build.0 = Debug|Any CPU
		{D1FC7E44-BA7E-4F4C-B664-8A0121E09534}.Release|Any CPU.ActiveCfg = Release|Any CPU
		{D1FC7E44-BA7E-4F4C-B664-8A0121E09534}.Release|Any CPU.Build.0 = Release|Any CPU
		{F2C968C4-20F4-4A9D-96F0-43022DE4907D}.Debug|Any CPU.ActiveCfg = Debug|Any CPU
		{F2C968C4-20F4-4A9D-96F0-43022DE4907D}.Debug|Any CPU.Build.0 = Debug|Any CPU
		{F2C968C4-20F4-4A9D-96F0-43022DE4907D}.Release|Any CPU.ActiveCfg = Release|Any CPU
		{F2C968C4-20F4-4A9D-96F0-43022DE4907D}.Release|Any CPU.Build.0 = Release|Any CPU
		{4C3CDFED-8B11-4817-BC82-1AD5FE5D2FB6}.Debug|Any CPU.ActiveCfg = Debug|Any CPU
		{4C3CDFED-8B11-4817-BC82-1AD5FE5D2FB6}.Debug|Any CPU.Build.0 = Debug|Any CPU
		{4C3CDFED-8B11-4817-BC82-1AD5FE5D2FB6}.Release|Any CPU.ActiveCfg = Release|Any CPU
		{4C3CDFED-8B11-4817-BC82-1AD5FE5D2FB6}.Release|Any CPU.Build.0 = Release|Any CPU
		{70752CFD-A9D0-4AA3-AADD-9B31BAAA9E8F}.Debug|Any CPU.ActiveCfg = Debug|Any CPU
		{70752CFD-A9D0-4AA3-AADD-9B31BAAA9E8F}.Debug|Any CPU.Build.0 = Debug|Any CPU
		{70752CFD-A9D0-4AA3-AADD-9B31BAAA9E8F}.Release|Any CPU.ActiveCfg = Release|Any CPU
		{70752CFD-A9D0-4AA3-AADD-9B31BAAA9E8F}.Release|Any CPU.Build.0 = Release|Any CPU
		{BEFE21E6-1B54-468D-9572-26D95BC4D4CC}.Debug|Any CPU.ActiveCfg = Debug|Any CPU
		{BEFE21E6-1B54-468D-9572-26D95BC4D4CC}.Debug|Any CPU.Build.0 = Debug|Any CPU
		{BEFE21E6-1B54-468D-9572-26D95BC4D4CC}.Release|Any CPU.ActiveCfg = Release|Any CPU
		{BEFE21E6-1B54-468D-9572-26D95BC4D4CC}.Release|Any CPU.Build.0 = Release|Any CPU
		{7F88E1F7-38C5-4B22-B138-333012597D7E}.Debug|Any CPU.ActiveCfg = Debug|Any CPU
		{7F88E1F7-38C5-4B22-B138-333012597D7E}.Debug|Any CPU.Build.0 = Debug|Any CPU
		{7F88E1F7-38C5-4B22-B138-333012597D7E}.Release|Any CPU.ActiveCfg = Release|Any CPU
		{7F88E1F7-38C5-4B22-B138-333012597D7E}.Release|Any CPU.Build.0 = Release|Any CPU
		{C92EB9E6-C364-40B0-B68A-77B3E31364E7}.Debug|Any CPU.ActiveCfg = Debug|Any CPU
		{C92EB9E6-C364-40B0-B68A-77B3E31364E7}.Debug|Any CPU.Build.0 = Debug|Any CPU
		{C92EB9E6-C364-40B0-B68A-77B3E31364E7}.Release|Any CPU.ActiveCfg = Release|Any CPU
		{C92EB9E6-C364-40B0-B68A-77B3E31364E7}.Release|Any CPU.Build.0 = Release|Any CPU
		{D65454B6-76C4-422A-88B6-89BC225187F6}.Debug|Any CPU.ActiveCfg = Debug|Any CPU
		{D65454B6-76C4-422A-88B6-89BC225187F6}.Debug|Any CPU.Build.0 = Debug|Any CPU
		{D65454B6-76C4-422A-88B6-89BC225187F6}.Release|Any CPU.ActiveCfg = Release|Any CPU
		{D65454B6-76C4-422A-88B6-89BC225187F6}.Release|Any CPU.Build.0 = Release|Any CPU
		{12321E51-DF57-4D1C-B024-8502AE8EFE2A}.Debug|Any CPU.ActiveCfg = Debug|Any CPU
		{12321E51-DF57-4D1C-B024-8502AE8EFE2A}.Debug|Any CPU.Build.0 = Debug|Any CPU
		{12321E51-DF57-4D1C-B024-8502AE8EFE2A}.Release|Any CPU.ActiveCfg = Release|Any CPU
		{12321E51-DF57-4D1C-B024-8502AE8EFE2A}.Release|Any CPU.Build.0 = Release|Any CPU
		{A45C7DD2-5084-4AF3-A430-DF71B3A55F6E}.Debug|Any CPU.ActiveCfg = Debug|Any CPU
		{A45C7DD2-5084-4AF3-A430-DF71B3A55F6E}.Debug|Any CPU.Build.0 = Debug|Any CPU
		{A45C7DD2-5084-4AF3-A430-DF71B3A55F6E}.Release|Any CPU.ActiveCfg = Release|Any CPU
		{A45C7DD2-5084-4AF3-A430-DF71B3A55F6E}.Release|Any CPU.Build.0 = Release|Any CPU
		{98735C99-1BEA-43CC-8715-767AD040C919}.Debug|Any CPU.ActiveCfg = Debug|Any CPU
		{98735C99-1BEA-43CC-8715-767AD040C919}.Debug|Any CPU.Build.0 = Debug|Any CPU
		{98735C99-1BEA-43CC-8715-767AD040C919}.Release|Any CPU.ActiveCfg = Release|Any CPU
		{98735C99-1BEA-43CC-8715-767AD040C919}.Release|Any CPU.Build.0 = Release|Any CPU
		{78CAC4D8-A983-4752-8911-1839E4D68C1D}.Debug|Any CPU.ActiveCfg = Debug|Any CPU
		{78CAC4D8-A983-4752-8911-1839E4D68C1D}.Debug|Any CPU.Build.0 = Debug|Any CPU
		{78CAC4D8-A983-4752-8911-1839E4D68C1D}.Release|Any CPU.ActiveCfg = Release|Any CPU
		{78CAC4D8-A983-4752-8911-1839E4D68C1D}.Release|Any CPU.Build.0 = Release|Any CPU
		{A4CA52B2-064D-4164-B8F9-2F1ECCE4CD0B}.Debug|Any CPU.ActiveCfg = Debug|Any CPU
		{A4CA52B2-064D-4164-B8F9-2F1ECCE4CD0B}.Debug|Any CPU.Build.0 = Debug|Any CPU
		{A4CA52B2-064D-4164-B8F9-2F1ECCE4CD0B}.Release|Any CPU.ActiveCfg = Release|Any CPU
		{A4CA52B2-064D-4164-B8F9-2F1ECCE4CD0B}.Release|Any CPU.Build.0 = Release|Any CPU
		{4C90A3B9-4B34-4031-A479-3545EA8996DD}.Debug|Any CPU.ActiveCfg = Debug|Any CPU
		{4C90A3B9-4B34-4031-A479-3545EA8996DD}.Debug|Any CPU.Build.0 = Debug|Any CPU
		{4C90A3B9-4B34-4031-A479-3545EA8996DD}.Release|Any CPU.ActiveCfg = Release|Any CPU
		{4C90A3B9-4B34-4031-A479-3545EA8996DD}.Release|Any CPU.Build.0 = Release|Any CPU
		{E39DEC13-3FE9-4790-9BA9-760DF600CC4C}.Debug|Any CPU.ActiveCfg = Debug|Any CPU
		{E39DEC13-3FE9-4790-9BA9-760DF600CC4C}.Debug|Any CPU.Build.0 = Debug|Any CPU
		{E39DEC13-3FE9-4790-9BA9-760DF600CC4C}.Release|Any CPU.ActiveCfg = Release|Any CPU
		{E39DEC13-3FE9-4790-9BA9-760DF600CC4C}.Release|Any CPU.Build.0 = Release|Any CPU
		{CB2ADB6E-2066-4433-B715-40E0990CBACD}.Debug|Any CPU.ActiveCfg = Debug|Any CPU
		{CB2ADB6E-2066-4433-B715-40E0990CBACD}.Debug|Any CPU.Build.0 = Debug|Any CPU
		{CB2ADB6E-2066-4433-B715-40E0990CBACD}.Release|Any CPU.ActiveCfg = Release|Any CPU
		{CB2ADB6E-2066-4433-B715-40E0990CBACD}.Release|Any CPU.Build.0 = Release|Any CPU
		{0F68CC70-8EA4-4170-98FA-12802DF762FE}.Debug|Any CPU.ActiveCfg = Debug|Any CPU
		{0F68CC70-8EA4-4170-98FA-12802DF762FE}.Debug|Any CPU.Build.0 = Debug|Any CPU
		{0F68CC70-8EA4-4170-98FA-12802DF762FE}.Release|Any CPU.ActiveCfg = Release|Any CPU
		{0F68CC70-8EA4-4170-98FA-12802DF762FE}.Release|Any CPU.Build.0 = Release|Any CPU
		{D88C26AC-2128-40E7-95F8-BD9CC764915D}.Debug|Any CPU.ActiveCfg = Debug|Any CPU
		{D88C26AC-2128-40E7-95F8-BD9CC764915D}.Debug|Any CPU.Build.0 = Debug|Any CPU
		{D88C26AC-2128-40E7-95F8-BD9CC764915D}.Release|Any CPU.ActiveCfg = Release|Any CPU
		{D88C26AC-2128-40E7-95F8-BD9CC764915D}.Release|Any CPU.Build.0 = Release|Any CPU
		{62D65738-F610-417A-8FC1-1B3A11B3F387}.Debug|Any CPU.ActiveCfg = Debug|Any CPU
		{62D65738-F610-417A-8FC1-1B3A11B3F387}.Debug|Any CPU.Build.0 = Debug|Any CPU
		{62D65738-F610-417A-8FC1-1B3A11B3F387}.Release|Any CPU.ActiveCfg = Release|Any CPU
		{62D65738-F610-417A-8FC1-1B3A11B3F387}.Release|Any CPU.Build.0 = Release|Any CPU
		{D767E43A-E837-49EE-8B8F-99C16DFF33DD}.Debug|Any CPU.ActiveCfg = Debug|Any CPU
		{D767E43A-E837-49EE-8B8F-99C16DFF33DD}.Debug|Any CPU.Build.0 = Debug|Any CPU
		{D767E43A-E837-49EE-8B8F-99C16DFF33DD}.Release|Any CPU.ActiveCfg = Release|Any CPU
		{D767E43A-E837-49EE-8B8F-99C16DFF33DD}.Release|Any CPU.Build.0 = Release|Any CPU
		{72496F60-763A-4D19-9840-C0927117ADCB}.Debug|Any CPU.ActiveCfg = Debug|Any CPU
		{72496F60-763A-4D19-9840-C0927117ADCB}.Debug|Any CPU.Build.0 = Debug|Any CPU
		{72496F60-763A-4D19-9840-C0927117ADCB}.Release|Any CPU.ActiveCfg = Release|Any CPU
		{72496F60-763A-4D19-9840-C0927117ADCB}.Release|Any CPU.Build.0 = Release|Any CPU
		{03080B97-654B-4AFA-AA7E-84363E506079}.Debug|Any CPU.ActiveCfg = Debug|Any CPU
		{03080B97-654B-4AFA-AA7E-84363E506079}.Debug|Any CPU.Build.0 = Debug|Any CPU
		{03080B97-654B-4AFA-AA7E-84363E506079}.Release|Any CPU.ActiveCfg = Release|Any CPU
		{03080B97-654B-4AFA-AA7E-84363E506079}.Release|Any CPU.Build.0 = Release|Any CPU
		{9005A29F-AED1-45C3-83A5-B67690CB9D67}.Debug|Any CPU.ActiveCfg = Debug|Any CPU
		{9005A29F-AED1-45C3-83A5-B67690CB9D67}.Debug|Any CPU.Build.0 = Debug|Any CPU
		{9005A29F-AED1-45C3-83A5-B67690CB9D67}.Release|Any CPU.ActiveCfg = Release|Any CPU
		{9005A29F-AED1-45C3-83A5-B67690CB9D67}.Release|Any CPU.Build.0 = Release|Any CPU
		{110ABBFE-8C64-4D66-970C-51ACF4ADF97D}.Debug|Any CPU.ActiveCfg = Debug|Any CPU
		{110ABBFE-8C64-4D66-970C-51ACF4ADF97D}.Debug|Any CPU.Build.0 = Debug|Any CPU
		{110ABBFE-8C64-4D66-970C-51ACF4ADF97D}.Release|Any CPU.ActiveCfg = Release|Any CPU
		{110ABBFE-8C64-4D66-970C-51ACF4ADF97D}.Release|Any CPU.Build.0 = Release|Any CPU
	EndGlobalSection
	GlobalSection(SolutionProperties) = preSolution
		HideSolutionNode = FALSE
	EndGlobalSection
	GlobalSection(ExtensibilityGlobals) = postSolution
		SolutionGuid = {D111AEF0-6881-460A-A9C9-E890B75AE1F0}
	EndGlobalSection
EndGlobal
